
Microsoft Visual Studio Solution File, Format Version 11.00
# Visual C++ Express 2010
Project("{8BC9CEB8-8B4A-11D0-8D11-00A0C91BC942}") = "PolarSSL", "PolarSSL.vcxproj", "{46CF2D25-6A36-4189-B59C-E4815388E554}"
EndProject
Project("{8BC9CEB8-8B4A-11D0-8D11-00A0C91BC942}") = "aescrypt2", "aescrypt2.vcxproj", "{46298485-CE22-B800-3D95-6D6C821819A1}"
	ProjectSection(ProjectDependencies) = postProject
		{46CF2D25-6A36-4189-B59C-E4815388E554} = {46CF2D25-6A36-4189-B59C-E4815388E554}
	EndProjectSection
EndProject
Project("{8BC9CEB8-8B4A-11D0-8D11-00A0C91BC942}") = "crypt_and_hash", "crypt_and_hash.vcxproj", "{84F76F01-FA6C-7C48-1979-06FD24B476C1}"
	ProjectSection(ProjectDependencies) = postProject
		{46CF2D25-6A36-4189-B59C-E4815388E554} = {46CF2D25-6A36-4189-B59C-E4815388E554}
	EndProjectSection
EndProject
Project("{8BC9CEB8-8B4A-11D0-8D11-00A0C91BC942}") = "hello", "hello.vcxproj", "{7076F38E-EDC4-1A0C-8D9B-CFB0A3E9724F}"
	ProjectSection(ProjectDependencies) = postProject
		{46CF2D25-6A36-4189-B59C-E4815388E554} = {46CF2D25-6A36-4189-B59C-E4815388E554}
	EndProjectSection
EndProject
Project("{8BC9CEB8-8B4A-11D0-8D11-00A0C91BC942}") = "generic_sum", "generic_sum.vcxproj", "{7036A174-35D6-54AE-7613-A50F5FD8AF86}"
	ProjectSection(ProjectDependencies) = postProject
		{46CF2D25-6A36-4189-B59C-E4815388E554} = {46CF2D25-6A36-4189-B59C-E4815388E554}
	EndProjectSection
EndProject
Project("{8BC9CEB8-8B4A-11D0-8D11-00A0C91BC942}") = "md5sum", "md5sum.vcxproj", "{D4F79297-4960-6D63-D50E-5823C50ED124}"
	ProjectSection(ProjectDependencies) = postProject
		{46CF2D25-6A36-4189-B59C-E4815388E554} = {46CF2D25-6A36-4189-B59C-E4815388E554}
	EndProjectSection
EndProject
Project("{8BC9CEB8-8B4A-11D0-8D11-00A0C91BC942}") = "sha1sum", "sha1sum.vcxproj", "{A0278E64-D98F-842D-438A-6747411CE76F}"
	ProjectSection(ProjectDependencies) = postProject
		{46CF2D25-6A36-4189-B59C-E4815388E554} = {46CF2D25-6A36-4189-B59C-E4815388E554}
	EndProjectSection
EndProject
Project("{8BC9CEB8-8B4A-11D0-8D11-00A0C91BC942}") = "sha2sum", "sha2sum.vcxproj", "{BAF92F6C-E5BE-95B7-6E36-823A1779A818}"
	ProjectSection(ProjectDependencies) = postProject
		{46CF2D25-6A36-4189-B59C-E4815388E554} = {46CF2D25-6A36-4189-B59C-E4815388E554}
	EndProjectSection
EndProject
Project("{8BC9CEB8-8B4A-11D0-8D11-00A0C91BC942}") = "dh_client", "dh_client.vcxproj", "{92253FCF-72E1-7AF6-EAD1-E9037A194C9F}"
	ProjectSection(ProjectDependencies) = postProject
		{46CF2D25-6A36-4189-B59C-E4815388E554} = {46CF2D25-6A36-4189-B59C-E4815388E554}
	EndProjectSection
EndProject
Project("{8BC9CEB8-8B4A-11D0-8D11-00A0C91BC942}") = "dh_genprime", "dh_genprime.vcxproj", "{8972AF2C-6333-2827-F75D-3BAC5E07915A}"
	ProjectSection(ProjectDependencies) = postProject
		{46CF2D25-6A36-4189-B59C-E4815388E554} = {46CF2D25-6A36-4189-B59C-E4815388E554}
	EndProjectSection
EndProject
Project("{8BC9CEB8-8B4A-11D0-8D11-00A0C91BC942}") = "dh_server", "dh_server.vcxproj", "{9BB33B8B-A1D3-ABEF-9071-D92289A4CEED}"
	ProjectSection(ProjectDependencies) = postProject
		{46CF2D25-6A36-4189-B59C-E4815388E554} = {46CF2D25-6A36-4189-B59C-E4815388E554}
	EndProjectSection
EndProject
Project("{8BC9CEB8-8B4A-11D0-8D11-00A0C91BC942}") = "gen_key", "gen_key.vcxproj", "{7721EBA2-C892-AD9B-4994-A0E988BA4BF8}"
	ProjectSection(ProjectDependencies) = postProject
		{46CF2D25-6A36-4189-B59C-E4815388E554} = {46CF2D25-6A36-4189-B59C-E4815388E554}
	EndProjectSection
EndProject
Project("{8BC9CEB8-8B4A-11D0-8D11-00A0C91BC942}") = "key_app", "key_app.vcxproj", "{5129B724-3FB6-CE34-FF51-57031A33C50B}"
	ProjectSection(ProjectDependencies) = postProject
		{46CF2D25-6A36-4189-B59C-E4815388E554} = {46CF2D25-6A36-4189-B59C-E4815388E554}
	EndProjectSection
EndProject
Project("{8BC9CEB8-8B4A-11D0-8D11-00A0C91BC942}") = "key_app_writer", "key_app_writer.vcxproj", "{090B665D-0F4C-4D77-D1B1-A6D882842AA3}"
	ProjectSection(ProjectDependencies) = postProject
		{46CF2D25-6A36-4189-B59C-E4815388E554} = {46CF2D25-6A36-4189-B59C-E4815388E554}
	EndProjectSection
EndProject
Project("{8BC9CEB8-8B4A-11D0-8D11-00A0C91BC942}") = "mpi_demo", "mpi_demo.vcxproj", "{08A79AF8-5B8A-4343-D01A-B8AB47F3366C}"
	ProjectSection(ProjectDependencies) = postProject
		{46CF2D25-6A36-4189-B59C-E4815388E554} = {46CF2D25-6A36-4189-B59C-E4815388E554}
	EndProjectSection
EndProject
Project("{8BC9CEB8-8B4A-11D0-8D11-00A0C91BC942}") = "pk_decrypt", "pk_decrypt.vcxproj", "{C69CD150-7174-FA91-9E6E-B7DDD56FDE8E}"
	ProjectSection(ProjectDependencies) = postProject
		{46CF2D25-6A36-4189-B59C-E4815388E554} = {46CF2D25-6A36-4189-B59C-E4815388E554}
	EndProjectSection
EndProject
Project("{8BC9CEB8-8B4A-11D0-8D11-00A0C91BC942}") = "pk_encrypt", "pk_encrypt.vcxproj", "{239051A9-0CE6-7730-7BB0-83599DC37AA4}"
	ProjectSection(ProjectDependencies) = postProject
		{46CF2D25-6A36-4189-B59C-E4815388E554} = {46CF2D25-6A36-4189-B59C-E4815388E554}
	EndProjectSection
EndProject
Project("{8BC9CEB8-8B4A-11D0-8D11-00A0C91BC942}") = "pk_sign", "pk_sign.vcxproj", "{EBDBB632-13A2-45F8-A44E-4837F6467512}"
	ProjectSection(ProjectDependencies) = postProject
		{46CF2D25-6A36-4189-B59C-E4815388E554} = {46CF2D25-6A36-4189-B59C-E4815388E554}
	EndProjectSection
EndProject
Project("{8BC9CEB8-8B4A-11D0-8D11-00A0C91BC942}") = "pk_verify", "pk_verify.vcxproj", "{CA8D1EDA-2881-55E0-8F1C-B379B5AA7B56}"
	ProjectSection(ProjectDependencies) = postProject
		{46CF2D25-6A36-4189-B59C-E4815388E554} = {46CF2D25-6A36-4189-B59C-E4815388E554}
	EndProjectSection
EndProject
Project("{8BC9CEB8-8B4A-11D0-8D11-00A0C91BC942}") = "rsa_genkey", "rsa_genkey.vcxproj", "{AD5B2F84-44A2-8D21-D47D-07E0ED7E0AAD}"
	ProjectSection(ProjectDependencies) = postProject
		{46CF2D25-6A36-4189-B59C-E4815388E554} = {46CF2D25-6A36-4189-B59C-E4815388E554}
	EndProjectSection
EndProject
Project("{8BC9CEB8-8B4A-11D0-8D11-00A0C91BC942}") = "rsa_decrypt", "rsa_decrypt.vcxproj", "{7E3D99BD-3D9E-762A-E235-9C8275E7010F}"
	ProjectSection(ProjectDependencies) = postProject
		{46CF2D25-6A36-4189-B59C-E4815388E554} = {46CF2D25-6A36-4189-B59C-E4815388E554}
	EndProjectSection
EndProject
Project("{8BC9CEB8-8B4A-11D0-8D11-00A0C91BC942}") = "rsa_encrypt", "rsa_encrypt.vcxproj", "{DA85604D-9ED1-FD08-4F37-FBD33E5E3642}"
	ProjectSection(ProjectDependencies) = postProject
		{46CF2D25-6A36-4189-B59C-E4815388E554} = {46CF2D25-6A36-4189-B59C-E4815388E554}
	EndProjectSection
EndProject
Project("{8BC9CEB8-8B4A-11D0-8D11-00A0C91BC942}") = "rsa_sign", "rsa_sign.vcxproj", "{CFC883CE-9BAE-B26F-B08B-7F194AD35929}"
	ProjectSection(ProjectDependencies) = postProject
		{46CF2D25-6A36-4189-B59C-E4815388E554} = {46CF2D25-6A36-4189-B59C-E4815388E554}
	EndProjectSection
EndProject
Project("{8BC9CEB8-8B4A-11D0-8D11-00A0C91BC942}") = "rsa_verify", "rsa_verify.vcxproj", "{77834257-2878-A38D-AEBE-79423968B6DB}"
	ProjectSection(ProjectDependencies) = postProject
		{46CF2D25-6A36-4189-B59C-E4815388E554} = {46CF2D25-6A36-4189-B59C-E4815388E554}
	EndProjectSection
EndProject
Project("{8BC9CEB8-8B4A-11D0-8D11-00A0C91BC942}") = "rsa_sign_pss", "rsa_sign_pss.vcxproj", "{34A00BC1-32A6-5145-606F-F081D31CC1D1}"
	ProjectSection(ProjectDependencies) = postProject
		{46CF2D25-6A36-4189-B59C-E4815388E554} = {46CF2D25-6A36-4189-B59C-E4815388E554}
	EndProjectSection
EndProject
Project("{8BC9CEB8-8B4A-11D0-8D11-00A0C91BC942}") = "rsa_verify_pss", "rsa_verify_pss.vcxproj", "{DAD91B2F-DEC8-E94F-8D9A-66B6E237AF07}"
	ProjectSection(ProjectDependencies) = postProject
		{46CF2D25-6A36-4189-B59C-E4815388E554} = {46CF2D25-6A36-4189-B59C-E4815388E554}
	EndProjectSection
EndProject
Project("{8BC9CEB8-8B4A-11D0-8D11-00A0C91BC942}") = "ssl_client1", "ssl_client1.vcxproj", "{CE90D346-EBC0-D292-6D68-24717DB3F510}"
	ProjectSection(ProjectDependencies) = postProject
		{46CF2D25-6A36-4189-B59C-E4815388E554} = {46CF2D25-6A36-4189-B59C-E4815388E554}
	EndProjectSection
EndProject
Project("{8BC9CEB8-8B4A-11D0-8D11-00A0C91BC942}") = "ssl_client2", "ssl_client2.vcxproj", "{436AF1C2-99E7-32FA-5BFA-641F1FF2C57D}"
	ProjectSection(ProjectDependencies) = postProject
		{46CF2D25-6A36-4189-B59C-E4815388E554} = {46CF2D25-6A36-4189-B59C-E4815388E554}
	EndProjectSection
EndProject
Project("{8BC9CEB8-8B4A-11D0-8D11-00A0C91BC942}") = "ssl_server", "ssl_server.vcxproj", "{C49B1EF8-D169-70C5-2FA4-837A900267A7}"
	ProjectSection(ProjectDependencies) = postProject
		{46CF2D25-6A36-4189-B59C-E4815388E554} = {46CF2D25-6A36-4189-B59C-E4815388E554}
	EndProjectSection
EndProject
Project("{8BC9CEB8-8B4A-11D0-8D11-00A0C91BC942}") = "ssl_server2", "ssl_server2.vcxproj", "{870B39B9-8F38-D9A4-8A07-87047C565061}"
	ProjectSection(ProjectDependencies) = postProject
		{46CF2D25-6A36-4189-B59C-E4815388E554} = {46CF2D25-6A36-4189-B59C-E4815388E554}
	EndProjectSection
EndProject
Project("{8BC9CEB8-8B4A-11D0-8D11-00A0C91BC942}") = "ssl_fork_server", "ssl_fork_server.vcxproj", "{D8295912-D341-F4E4-DC8E-98A2A0604221}"
	ProjectSection(ProjectDependencies) = postProject
		{46CF2D25-6A36-4189-B59C-E4815388E554} = {46CF2D25-6A36-4189-B59C-E4815388E554}
	EndProjectSection
EndProject
Project("{8BC9CEB8-8B4A-11D0-8D11-00A0C91BC942}") = "ssl_mail_client", "ssl_mail_client.vcxproj", "{68EFA4E3-08B0-2925-0EF6-177996B08B24}"
	ProjectSection(ProjectDependencies) = postProject
		{46CF2D25-6A36-4189-B59C-E4815388E554} = {46CF2D25-6A36-4189-B59C-E4815388E554}
	EndProjectSection
EndProject
Project("{8BC9CEB8-8B4A-11D0-8D11-00A0C91BC942}") = "gen_entropy", "gen_entropy.vcxproj", "{2E5B8634-26AC-5819-5AF7-16F996A7F529}"
	ProjectSection(ProjectDependencies) = postProject
		{46CF2D25-6A36-4189-B59C-E4815388E554} = {46CF2D25-6A36-4189-B59C-E4815388E554}
	EndProjectSection
EndProject
Project("{8BC9CEB8-8B4A-11D0-8D11-00A0C91BC942}") = "gen_random_havege", "gen_random_havege.vcxproj", "{D93D1FF0-5E83-2247-31A0-017D20F8011F}"
	ProjectSection(ProjectDependencies) = postProject
		{46CF2D25-6A36-4189-B59C-E4815388E554} = {46CF2D25-6A36-4189-B59C-E4815388E554}
	EndProjectSection
EndProject
Project("{8BC9CEB8-8B4A-11D0-8D11-00A0C91BC942}") = "gen_random_ctr_drbg", "gen_random_ctr_drbg.vcxproj", "{C5DF2F0C-3EFC-E5D6-7FD2-AD599CADDB15}"
	ProjectSection(ProjectDependencies) = postProject
		{46CF2D25-6A36-4189-B59C-E4815388E554} = {46CF2D25-6A36-4189-B59C-E4815388E554}
	EndProjectSection
EndProject
Project("{8BC9CEB8-8B4A-11D0-8D11-00A0C91BC942}") = "ssl_cert_test", "ssl_cert_test.vcxproj", "{173A0BC9-FF81-3C36-7887-4FBD6032C9FD}"
	ProjectSection(ProjectDependencies) = postProject
		{46CF2D25-6A36-4189-B59C-E4815388E554} = {46CF2D25-6A36-4189-B59C-E4815388E554}
	EndProjectSection
EndProject
Project("{8BC9CEB8-8B4A-11D0-8D11-00A0C91BC942}") = "benchmark", "benchmark.vcxproj", "{58A8E53D-21CB-5F27-5111-737EBD3F37A0}"
	ProjectSection(ProjectDependencies) = postProject
		{46CF2D25-6A36-4189-B59C-E4815388E554} = {46CF2D25-6A36-4189-B59C-E4815388E554}
	EndProjectSection
EndProject
Project("{8BC9CEB8-8B4A-11D0-8D11-00A0C91BC942}") = "selftest", "selftest.vcxproj", "{4DD758B5-6FC5-66C0-1D26-22C74C88FEF3}"
	ProjectSection(ProjectDependencies) = postProject
		{46CF2D25-6A36-4189-B59C-E4815388E554} = {46CF2D25-6A36-4189-B59C-E4815388E554}
	EndProjectSection
EndProject
Project("{8BC9CEB8-8B4A-11D0-8D11-00A0C91BC942}") = "ssl_test", "ssl_test.vcxproj", "{0FC4D326-CF64-AB19-B037-3E3D06EA6798}"
	ProjectSection(ProjectDependencies) = postProject
		{46CF2D25-6A36-4189-B59C-E4815388E554} = {46CF2D25-6A36-4189-B59C-E4815388E554}
	EndProjectSection
EndProject
Project("{8BC9CEB8-8B4A-11D0-8D11-00A0C91BC942}") = "pem2der", "pem2der.vcxproj", "{ACFFE3C9-3628-9B99-E0C9-36CF95F86B5F}"
	ProjectSection(ProjectDependencies) = postProject
		{46CF2D25-6A36-4189-B59C-E4815388E554} = {46CF2D25-6A36-4189-B59C-E4815388E554}
	EndProjectSection
EndProject
Project("{8BC9CEB8-8B4A-11D0-8D11-00A0C91BC942}") = "strerror", "strerror.vcxproj", "{9D625831-AF31-CFBA-8855-61C024DA2DE0}"
	ProjectSection(ProjectDependencies) = postProject
		{46CF2D25-6A36-4189-B59C-E4815388E554} = {46CF2D25-6A36-4189-B59C-E4815388E554}
	EndProjectSection
EndProject
Project("{8BC9CEB8-8B4A-11D0-8D11-00A0C91BC942}") = "cert_app", "cert_app.vcxproj", "{E3172E20-4935-69C7-A398-C13EAA76818F}"
	ProjectSection(ProjectDependencies) = postProject
		{46CF2D25-6A36-4189-B59C-E4815388E554} = {46CF2D25-6A36-4189-B59C-E4815388E554}
	EndProjectSection
EndProject
Project("{8BC9CEB8-8B4A-11D0-8D11-00A0C91BC942}") = "crl_app", "crl_app.vcxproj", "{10F967D6-468F-3BCA-2D58-36A32E376930}"
	ProjectSection(ProjectDependencies) = postProject
		{46CF2D25-6A36-4189-B59C-E4815388E554} = {46CF2D25-6A36-4189-B59C-E4815388E554}
	EndProjectSection
EndProject
Project("{8BC9CEB8-8B4A-11D0-8D11-00A0C91BC942}") = "cert_req", "cert_req.vcxproj", "{5ABF68F6-5360-DE1F-74B6-66ED5BF52619}"
	ProjectSection(ProjectDependencies) = postProject
		{46CF2D25-6A36-4189-B59C-E4815388E554} = {46CF2D25-6A36-4189-B59C-E4815388E554}
	EndProjectSection
EndProject
Global
	GlobalSection(SolutionConfigurationPlatforms) = preSolution
		Debug|Win32 = Debug|Win32
		Debug|x64 = Debug|x64
		Release|Win32 = Release|Win32
		Release|x64 = Release|x64
	EndGlobalSection
	GlobalSection(ProjectConfigurationPlatforms) = postSolution
		{46CF2D25-6A36-4189-B59C-E4815388E554}.Debug|Win32.ActiveCfg = Debug|Win32
		{46CF2D25-6A36-4189-B59C-E4815388E554}.Debug|Win32.Build.0 = Debug|Win32
		{46CF2D25-6A36-4189-B59C-E4815388E554}.Debug|x64.ActiveCfg = Debug|x64
		{46CF2D25-6A36-4189-B59C-E4815388E554}.Debug|x64.Build.0 = Debug|x64
		{46CF2D25-6A36-4189-B59C-E4815388E554}.Release|Win32.ActiveCfg = Release|Win32
		{46CF2D25-6A36-4189-B59C-E4815388E554}.Release|Win32.Build.0 = Release|Win32
		{46CF2D25-6A36-4189-B59C-E4815388E554}.Release|x64.ActiveCfg = Release|x64
		{46CF2D25-6A36-4189-B59C-E4815388E554}.Release|x64.Build.0 = Release|x64
		{46298485-CE22-B800-3D95-6D6C821819A1}.Debug|Win32.ActiveCfg = Debug|Win32
		{46298485-CE22-B800-3D95-6D6C821819A1}.Debug|Win32.Build.0 = Debug|Win32
		{46298485-CE22-B800-3D95-6D6C821819A1}.Debug|x64.ActiveCfg = Debug|x64
		{46298485-CE22-B800-3D95-6D6C821819A1}.Debug|x64.Build.0 = Debug|x64
		{46298485-CE22-B800-3D95-6D6C821819A1}.Release|Win32.ActiveCfg = Release|Win32
		{46298485-CE22-B800-3D95-6D6C821819A1}.Release|Win32.Build.0 = Release|Win32
		{46298485-CE22-B800-3D95-6D6C821819A1}.Release|x64.ActiveCfg = Release|x64
		{46298485-CE22-B800-3D95-6D6C821819A1}.Release|x64.Build.0 = Release|x64
		{84F76F01-FA6C-7C48-1979-06FD24B476C1}.Debug|Win32.ActiveCfg = Debug|Win32
		{84F76F01-FA6C-7C48-1979-06FD24B476C1}.Debug|Win32.Build.0 = Debug|Win32
		{84F76F01-FA6C-7C48-1979-06FD24B476C1}.Debug|x64.ActiveCfg = Debug|x64
		{84F76F01-FA6C-7C48-1979-06FD24B476C1}.Debug|x64.Build.0 = Debug|x64
		{84F76F01-FA6C-7C48-1979-06FD24B476C1}.Release|Win32.ActiveCfg = Release|Win32
		{84F76F01-FA6C-7C48-1979-06FD24B476C1}.Release|Win32.Build.0 = Release|Win32
		{84F76F01-FA6C-7C48-1979-06FD24B476C1}.Release|x64.ActiveCfg = Release|x64
		{84F76F01-FA6C-7C48-1979-06FD24B476C1}.Release|x64.Build.0 = Release|x64
		{7076F38E-EDC4-1A0C-8D9B-CFB0A3E9724F}.Debug|Win32.ActiveCfg = Debug|Win32
		{7076F38E-EDC4-1A0C-8D9B-CFB0A3E9724F}.Debug|Win32.Build.0 = Debug|Win32
		{7076F38E-EDC4-1A0C-8D9B-CFB0A3E9724F}.Debug|x64.ActiveCfg = Debug|x64
		{7076F38E-EDC4-1A0C-8D9B-CFB0A3E9724F}.Debug|x64.Build.0 = Debug|x64
		{7076F38E-EDC4-1A0C-8D9B-CFB0A3E9724F}.Release|Win32.ActiveCfg = Release|Win32
		{7076F38E-EDC4-1A0C-8D9B-CFB0A3E9724F}.Release|Win32.Build.0 = Release|Win32
		{7076F38E-EDC4-1A0C-8D9B-CFB0A3E9724F}.Release|x64.ActiveCfg = Release|x64
		{7076F38E-EDC4-1A0C-8D9B-CFB0A3E9724F}.Release|x64.Build.0 = Release|x64
		{7036A174-35D6-54AE-7613-A50F5FD8AF86}.Debug|Win32.ActiveCfg = Debug|Win32
		{7036A174-35D6-54AE-7613-A50F5FD8AF86}.Debug|Win32.Build.0 = Debug|Win32
		{7036A174-35D6-54AE-7613-A50F5FD8AF86}.Debug|x64.ActiveCfg = Debug|x64
		{7036A174-35D6-54AE-7613-A50F5FD8AF86}.Debug|x64.Build.0 = Debug|x64
		{7036A174-35D6-54AE-7613-A50F5FD8AF86}.Release|Win32.ActiveCfg = Release|Win32
		{7036A174-35D6-54AE-7613-A50F5FD8AF86}.Release|Win32.Build.0 = Release|Win32
		{7036A174-35D6-54AE-7613-A50F5FD8AF86}.Release|x64.ActiveCfg = Release|x64
		{7036A174-35D6-54AE-7613-A50F5FD8AF86}.Release|x64.Build.0 = Release|x64
		{D4F79297-4960-6D63-D50E-5823C50ED124}.Debug|Win32.ActiveCfg = Debug|Win32
		{D4F79297-4960-6D63-D50E-5823C50ED124}.Debug|Win32.Build.0 = Debug|Win32
		{D4F79297-4960-6D63-D50E-5823C50ED124}.Debug|x64.ActiveCfg = Debug|x64
		{D4F79297-4960-6D63-D50E-5823C50ED124}.Debug|x64.Build.0 = Debug|x64
		{D4F79297-4960-6D63-D50E-5823C50ED124}.Release|Win32.ActiveCfg = Release|Win32
		{D4F79297-4960-6D63-D50E-5823C50ED124}.Release|Win32.Build.0 = Release|Win32
		{D4F79297-4960-6D63-D50E-5823C50ED124}.Release|x64.ActiveCfg = Release|x64
		{D4F79297-4960-6D63-D50E-5823C50ED124}.Release|x64.Build.0 = Release|x64
		{A0278E64-D98F-842D-438A-6747411CE76F}.Debug|Win32.ActiveCfg = Debug|Win32
		{A0278E64-D98F-842D-438A-6747411CE76F}.Debug|Win32.Build.0 = Debug|Win32
		{A0278E64-D98F-842D-438A-6747411CE76F}.Debug|x64.ActiveCfg = Debug|x64
		{A0278E64-D98F-842D-438A-6747411CE76F}.Debug|x64.Build.0 = Debug|x64
		{A0278E64-D98F-842D-438A-6747411CE76F}.Release|Win32.ActiveCfg = Release|Win32
		{A0278E64-D98F-842D-438A-6747411CE76F}.Release|Win32.Build.0 = Release|Win32
		{A0278E64-D98F-842D-438A-6747411CE76F}.Release|x64.ActiveCfg = Release|x64
		{A0278E64-D98F-842D-438A-6747411CE76F}.Release|x64.Build.0 = Release|x64
		{BAF92F6C-E5BE-95B7-6E36-823A1779A818}.Debug|Win32.ActiveCfg = Debug|Win32
		{BAF92F6C-E5BE-95B7-6E36-823A1779A818}.Debug|Win32.Build.0 = Debug|Win32
		{BAF92F6C-E5BE-95B7-6E36-823A1779A818}.Debug|x64.ActiveCfg = Debug|x64
		{BAF92F6C-E5BE-95B7-6E36-823A1779A818}.Debug|x64.Build.0 = Debug|x64
		{BAF92F6C-E5BE-95B7-6E36-823A1779A818}.Release|Win32.ActiveCfg = Release|Win32
		{BAF92F6C-E5BE-95B7-6E36-823A1779A818}.Release|Win32.Build.0 = Release|Win32
		{BAF92F6C-E5BE-95B7-6E36-823A1779A818}.Release|x64.ActiveCfg = Release|x64
		{BAF92F6C-E5BE-95B7-6E36-823A1779A818}.Release|x64.Build.0 = Release|x64
		{92253FCF-72E1-7AF6-EAD1-E9037A194C9F}.Debug|Win32.ActiveCfg = Debug|Win32
		{92253FCF-72E1-7AF6-EAD1-E9037A194C9F}.Debug|Win32.Build.0 = Debug|Win32
		{92253FCF-72E1-7AF6-EAD1-E9037A194C9F}.Debug|x64.ActiveCfg = Debug|x64
		{92253FCF-72E1-7AF6-EAD1-E9037A194C9F}.Debug|x64.Build.0 = Debug|x64
		{92253FCF-72E1-7AF6-EAD1-E9037A194C9F}.Release|Win32.ActiveCfg = Release|Win32
		{92253FCF-72E1-7AF6-EAD1-E9037A194C9F}.Release|Win32.Build.0 = Release|Win32
		{92253FCF-72E1-7AF6-EAD1-E9037A194C9F}.Release|x64.ActiveCfg = Release|x64
		{92253FCF-72E1-7AF6-EAD1-E9037A194C9F}.Release|x64.Build.0 = Release|x64
		{8972AF2C-6333-2827-F75D-3BAC5E07915A}.Debug|Win32.ActiveCfg = Debug|Win32
		{8972AF2C-6333-2827-F75D-3BAC5E07915A}.Debug|Win32.Build.0 = Debug|Win32
		{8972AF2C-6333-2827-F75D-3BAC5E07915A}.Debug|x64.ActiveCfg = Debug|x64
		{8972AF2C-6333-2827-F75D-3BAC5E07915A}.Debug|x64.Build.0 = Debug|x64
		{8972AF2C-6333-2827-F75D-3BAC5E07915A}.Release|Win32.ActiveCfg = Release|Win32
		{8972AF2C-6333-2827-F75D-3BAC5E07915A}.Release|Win32.Build.0 = Release|Win32
		{8972AF2C-6333-2827-F75D-3BAC5E07915A}.Release|x64.ActiveCfg = Release|x64
		{8972AF2C-6333-2827-F75D-3BAC5E07915A}.Release|x64.Build.0 = Release|x64
		{9BB33B8B-A1D3-ABEF-9071-D92289A4CEED}.Debug|Win32.ActiveCfg = Debug|Win32
		{9BB33B8B-A1D3-ABEF-9071-D92289A4CEED}.Debug|Win32.Build.0 = Debug|Win32
		{9BB33B8B-A1D3-ABEF-9071-D92289A4CEED}.Debug|x64.ActiveCfg = Debug|x64
		{9BB33B8B-A1D3-ABEF-9071-D92289A4CEED}.Debug|x64.Build.0 = Debug|x64
		{9BB33B8B-A1D3-ABEF-9071-D92289A4CEED}.Release|Win32.ActiveCfg = Release|Win32
		{9BB33B8B-A1D3-ABEF-9071-D92289A4CEED}.Release|Win32.Build.0 = Release|Win32
		{9BB33B8B-A1D3-ABEF-9071-D92289A4CEED}.Release|x64.ActiveCfg = Release|x64
		{9BB33B8B-A1D3-ABEF-9071-D92289A4CEED}.Release|x64.Build.0 = Release|x64
		{7721EBA2-C892-AD9B-4994-A0E988BA4BF8}.Debug|Win32.ActiveCfg = Debug|Win32
		{7721EBA2-C892-AD9B-4994-A0E988BA4BF8}.Debug|Win32.Build.0 = Debug|Win32
		{7721EBA2-C892-AD9B-4994-A0E988BA4BF8}.Debug|x64.ActiveCfg = Debug|x64
		{7721EBA2-C892-AD9B-4994-A0E988BA4BF8}.Debug|x64.Build.0 = Debug|x64
		{7721EBA2-C892-AD9B-4994-A0E988BA4BF8}.Release|Win32.ActiveCfg = Release|Win32
		{7721EBA2-C892-AD9B-4994-A0E988BA4BF8}.Release|Win32.Build.0 = Release|Win32
		{7721EBA2-C892-AD9B-4994-A0E988BA4BF8}.Release|x64.ActiveCfg = Release|x64
		{7721EBA2-C892-AD9B-4994-A0E988BA4BF8}.Release|x64.Build.0 = Release|x64
		{5129B724-3FB6-CE34-FF51-57031A33C50B}.Debug|Win32.ActiveCfg = Debug|Win32
		{5129B724-3FB6-CE34-FF51-57031A33C50B}.Debug|Win32.Build.0 = Debug|Win32
		{5129B724-3FB6-CE34-FF51-57031A33C50B}.Debug|x64.ActiveCfg = Debug|x64
		{5129B724-3FB6-CE34-FF51-57031A33C50B}.Debug|x64.Build.0 = Debug|x64
		{5129B724-3FB6-CE34-FF51-57031A33C50B}.Release|Win32.ActiveCfg = Release|Win32
		{5129B724-3FB6-CE34-FF51-57031A33C50B}.Release|Win32.Build.0 = Release|Win32
		{5129B724-3FB6-CE34-FF51-57031A33C50B}.Release|x64.ActiveCfg = Release|x64
		{5129B724-3FB6-CE34-FF51-57031A33C50B}.Release|x64.Build.0 = Release|x64
		{090B665D-0F4C-4D77-D1B1-A6D882842AA3}.Debug|Win32.ActiveCfg = Debug|Win32
		{090B665D-0F4C-4D77-D1B1-A6D882842AA3}.Debug|Win32.Build.0 = Debug|Win32
		{090B665D-0F4C-4D77-D1B1-A6D882842AA3}.Debug|x64.ActiveCfg = Debug|x64
		{090B665D-0F4C-4D77-D1B1-A6D882842AA3}.Debug|x64.Build.0 = Debug|x64
		{090B665D-0F4C-4D77-D1B1-A6D882842AA3}.Release|Win32.ActiveCfg = Release|Win32
		{090B665D-0F4C-4D77-D1B1-A6D882842AA3}.Release|Win32.Build.0 = Release|Win32
		{090B665D-0F4C-4D77-D1B1-A6D882842AA3}.Release|x64.ActiveCfg = Release|x64
		{090B665D-0F4C-4D77-D1B1-A6D882842AA3}.Release|x64.Build.0 = Release|x64
		{08A79AF8-5B8A-4343-D01A-B8AB47F3366C}.Debug|Win32.ActiveCfg = Debug|Win32
		{08A79AF8-5B8A-4343-D01A-B8AB47F3366C}.Debug|Win32.Build.0 = Debug|Win32
		{08A79AF8-5B8A-4343-D01A-B8AB47F3366C}.Debug|x64.ActiveCfg = Debug|x64
		{08A79AF8-5B8A-4343-D01A-B8AB47F3366C}.Debug|x64.Build.0 = Debug|x64
		{08A79AF8-5B8A-4343-D01A-B8AB47F3366C}.Release|Win32.ActiveCfg = Release|Win32
		{08A79AF8-5B8A-4343-D01A-B8AB47F3366C}.Release|Win32.Build.0 = Release|Win32
		{08A79AF8-5B8A-4343-D01A-B8AB47F3366C}.Release|x64.ActiveCfg = Release|x64
		{08A79AF8-5B8A-4343-D01A-B8AB47F3366C}.Release|x64.Build.0 = Release|x64
		{C69CD150-7174-FA91-9E6E-B7DDD56FDE8E}.Debug|Win32.ActiveCfg = Debug|Win32
		{C69CD150-7174-FA91-9E6E-B7DDD56FDE8E}.Debug|Win32.Build.0 = Debug|Win32
		{C69CD150-7174-FA91-9E6E-B7DDD56FDE8E}.Debug|x64.ActiveCfg = Debug|x64
		{C69CD150-7174-FA91-9E6E-B7DDD56FDE8E}.Debug|x64.Build.0 = Debug|x64
		{C69CD150-7174-FA91-9E6E-B7DDD56FDE8E}.Release|Win32.ActiveCfg = Release|Win32
		{C69CD150-7174-FA91-9E6E-B7DDD56FDE8E}.Release|Win32.Build.0 = Release|Win32
		{C69CD150-7174-FA91-9E6E-B7DDD56FDE8E}.Release|x64.ActiveCfg = Release|x64
		{C69CD150-7174-FA91-9E6E-B7DDD56FDE8E}.Release|x64.Build.0 = Release|x64
		{239051A9-0CE6-7730-7BB0-83599DC37AA4}.Debug|Win32.ActiveCfg = Debug|Win32
		{239051A9-0CE6-7730-7BB0-83599DC37AA4}.Debug|Win32.Build.0 = Debug|Win32
		{239051A9-0CE6-7730-7BB0-83599DC37AA4}.Debug|x64.ActiveCfg = Debug|x64
		{239051A9-0CE6-7730-7BB0-83599DC37AA4}.Debug|x64.Build.0 = Debug|x64
		{239051A9-0CE6-7730-7BB0-83599DC37AA4}.Release|Win32.ActiveCfg = Release|Win32
		{239051A9-0CE6-7730-7BB0-83599DC37AA4}.Release|Win32.Build.0 = Release|Win32
		{239051A9-0CE6-7730-7BB0-83599DC37AA4}.Release|x64.ActiveCfg = Release|x64
		{239051A9-0CE6-7730-7BB0-83599DC37AA4}.Release|x64.Build.0 = Release|x64
		{EBDBB632-13A2-45F8-A44E-4837F6467512}.Debug|Win32.ActiveCfg = Debug|Win32
		{EBDBB632-13A2-45F8-A44E-4837F6467512}.Debug|Win32.Build.0 = Debug|Win32
		{EBDBB632-13A2-45F8-A44E-4837F6467512}.Debug|x64.ActiveCfg = Debug|x64
		{EBDBB632-13A2-45F8-A44E-4837F6467512}.Debug|x64.Build.0 = Debug|x64
		{EBDBB632-13A2-45F8-A44E-4837F6467512}.Release|Win32.ActiveCfg = Release|Win32
		{EBDBB632-13A2-45F8-A44E-4837F6467512}.Release|Win32.Build.0 = Release|Win32
		{EBDBB632-13A2-45F8-A44E-4837F6467512}.Release|x64.ActiveCfg = Release|x64
		{EBDBB632-13A2-45F8-A44E-4837F6467512}.Release|x64.Build.0 = Release|x64
		{CA8D1EDA-2881-55E0-8F1C-B379B5AA7B56}.Debug|Win32.ActiveCfg = Debug|Win32
		{CA8D1EDA-2881-55E0-8F1C-B379B5AA7B56}.Debug|Win32.Build.0 = Debug|Win32
		{CA8D1EDA-2881-55E0-8F1C-B379B5AA7B56}.Debug|x64.ActiveCfg = Debug|x64
		{CA8D1EDA-2881-55E0-8F1C-B379B5AA7B56}.Debug|x64.Build.0 = Debug|x64
		{CA8D1EDA-2881-55E0-8F1C-B379B5AA7B56}.Release|Win32.ActiveCfg = Release|Win32
		{CA8D1EDA-2881-55E0-8F1C-B379B5AA7B56}.Release|Win32.Build.0 = Release|Win32
		{CA8D1EDA-2881-55E0-8F1C-B379B5AA7B56}.Release|x64.ActiveCfg = Release|x64
		{CA8D1EDA-2881-55E0-8F1C-B379B5AA7B56}.Release|x64.Build.0 = Release|x64
		{AD5B2F84-44A2-8D21-D47D-07E0ED7E0AAD}.Debug|Win32.ActiveCfg = Debug|Win32
		{AD5B2F84-44A2-8D21-D47D-07E0ED7E0AAD}.Debug|Win32.Build.0 = Debug|Win32
		{AD5B2F84-44A2-8D21-D47D-07E0ED7E0AAD}.Debug|x64.ActiveCfg = Debug|x64
		{AD5B2F84-44A2-8D21-D47D-07E0ED7E0AAD}.Debug|x64.Build.0 = Debug|x64
		{AD5B2F84-44A2-8D21-D47D-07E0ED7E0AAD}.Release|Win32.ActiveCfg = Release|Win32
		{AD5B2F84-44A2-8D21-D47D-07E0ED7E0AAD}.Release|Win32.Build.0 = Release|Win32
		{AD5B2F84-44A2-8D21-D47D-07E0ED7E0AAD}.Release|x64.ActiveCfg = Release|x64
		{AD5B2F84-44A2-8D21-D47D-07E0ED7E0AAD}.Release|x64.Build.0 = Release|x64
		{7E3D99BD-3D9E-762A-E235-9C8275E7010F}.Debug|Win32.ActiveCfg = Debug|Win32
		{7E3D99BD-3D9E-762A-E235-9C8275E7010F}.Debug|Win32.Build.0 = Debug|Win32
		{7E3D99BD-3D9E-762A-E235-9C8275E7010F}.Debug|x64.ActiveCfg = Debug|x64
		{7E3D99BD-3D9E-762A-E235-9C8275E7010F}.Debug|x64.Build.0 = Debug|x64
		{7E3D99BD-3D9E-762A-E235-9C8275E7010F}.Release|Win32.ActiveCfg = Release|Win32
		{7E3D99BD-3D9E-762A-E235-9C8275E7010F}.Release|Win32.Build.0 = Release|Win32
		{7E3D99BD-3D9E-762A-E235-9C8275E7010F}.Release|x64.ActiveCfg = Release|x64
		{7E3D99BD-3D9E-762A-E235-9C8275E7010F}.Release|x64.Build.0 = Release|x64
		{DA85604D-9ED1-FD08-4F37-FBD33E5E3642}.Debug|Win32.ActiveCfg = Debug|Win32
		{DA85604D-9ED1-FD08-4F37-FBD33E5E3642}.Debug|Win32.Build.0 = Debug|Win32
		{DA85604D-9ED1-FD08-4F37-FBD33E5E3642}.Debug|x64.ActiveCfg = Debug|x64
		{DA85604D-9ED1-FD08-4F37-FBD33E5E3642}.Debug|x64.Build.0 = Debug|x64
		{DA85604D-9ED1-FD08-4F37-FBD33E5E3642}.Release|Win32.ActiveCfg = Release|Win32
		{DA85604D-9ED1-FD08-4F37-FBD33E5E3642}.Release|Win32.Build.0 = Release|Win32
		{DA85604D-9ED1-FD08-4F37-FBD33E5E3642}.Release|x64.ActiveCfg = Release|x64
		{DA85604D-9ED1-FD08-4F37-FBD33E5E3642}.Release|x64.Build.0 = Release|x64
		{CFC883CE-9BAE-B26F-B08B-7F194AD35929}.Debug|Win32.ActiveCfg = Debug|Win32
		{CFC883CE-9BAE-B26F-B08B-7F194AD35929}.Debug|Win32.Build.0 = Debug|Win32
		{CFC883CE-9BAE-B26F-B08B-7F194AD35929}.Debug|x64.ActiveCfg = Debug|x64
		{CFC883CE-9BAE-B26F-B08B-7F194AD35929}.Debug|x64.Build.0 = Debug|x64
		{CFC883CE-9BAE-B26F-B08B-7F194AD35929}.Release|Win32.ActiveCfg = Release|Win32
		{CFC883CE-9BAE-B26F-B08B-7F194AD35929}.Release|Win32.Build.0 = Release|Win32
		{CFC883CE-9BAE-B26F-B08B-7F194AD35929}.Release|x64.ActiveCfg = Release|x64
		{CFC883CE-9BAE-B26F-B08B-7F194AD35929}.Release|x64.Build.0 = Release|x64
		{77834257-2878-A38D-AEBE-79423968B6DB}.Debug|Win32.ActiveCfg = Debug|Win32
		{77834257-2878-A38D-AEBE-79423968B6DB}.Debug|Win32.Build.0 = Debug|Win32
		{77834257-2878-A38D-AEBE-79423968B6DB}.Debug|x64.ActiveCfg = Debug|x64
		{77834257-2878-A38D-AEBE-79423968B6DB}.Debug|x64.Build.0 = Debug|x64
		{77834257-2878-A38D-AEBE-79423968B6DB}.Release|Win32.ActiveCfg = Release|Win32
		{77834257-2878-A38D-AEBE-79423968B6DB}.Release|Win32.Build.0 = Release|Win32
		{77834257-2878-A38D-AEBE-79423968B6DB}.Release|x64.ActiveCfg = Release|x64
		{77834257-2878-A38D-AEBE-79423968B6DB}.Release|x64.Build.0 = Release|x64
		{34A00BC1-32A6-5145-606F-F081D31CC1D1}.Debug|Win32.ActiveCfg = Debug|Win32
		{34A00BC1-32A6-5145-606F-F081D31CC1D1}.Debug|Win32.Build.0 = Debug|Win32
		{34A00BC1-32A6-5145-606F-F081D31CC1D1}.Debug|x64.ActiveCfg = Debug|x64
		{34A00BC1-32A6-5145-606F-F081D31CC1D1}.Debug|x64.Build.0 = Debug|x64
		{34A00BC1-32A6-5145-606F-F081D31CC1D1}.Release|Win32.ActiveCfg = Release|Win32
		{34A00BC1-32A6-5145-606F-F081D31CC1D1}.Release|Win32.Build.0 = Release|Win32
		{34A00BC1-32A6-5145-606F-F081D31CC1D1}.Release|x64.ActiveCfg = Release|x64
		{34A00BC1-32A6-5145-606F-F081D31CC1D1}.Release|x64.Build.0 = Release|x64
		{DAD91B2F-DEC8-E94F-8D9A-66B6E237AF07}.Debug|Win32.ActiveCfg = Debug|Win32
		{DAD91B2F-DEC8-E94F-8D9A-66B6E237AF07}.Debug|Win32.Build.0 = Debug|Win32
		{DAD91B2F-DEC8-E94F-8D9A-66B6E237AF07}.Debug|x64.ActiveCfg = Debug|x64
		{DAD91B2F-DEC8-E94F-8D9A-66B6E237AF07}.Debug|x64.Build.0 = Debug|x64
		{DAD91B2F-DEC8-E94F-8D9A-66B6E237AF07}.Release|Win32.ActiveCfg = Release|Win32
		{DAD91B2F-DEC8-E94F-8D9A-66B6E237AF07}.Release|Win32.Build.0 = Release|Win32
		{DAD91B2F-DEC8-E94F-8D9A-66B6E237AF07}.Release|x64.ActiveCfg = Release|x64
		{DAD91B2F-DEC8-E94F-8D9A-66B6E237AF07}.Release|x64.Build.0 = Release|x64
		{CE90D346-EBC0-D292-6D68-24717DB3F510}.Debug|Win32.ActiveCfg = Debug|Win32
		{CE90D346-EBC0-D292-6D68-24717DB3F510}.Debug|Win32.Build.0 = Debug|Win32
		{CE90D346-EBC0-D292-6D68-24717DB3F510}.Debug|x64.ActiveCfg = Debug|x64
		{CE90D346-EBC0-D292-6D68-24717DB3F510}.Debug|x64.Build.0 = Debug|x64
		{CE90D346-EBC0-D292-6D68-24717DB3F510}.Release|Win32.ActiveCfg = Release|Win32
		{CE90D346-EBC0-D292-6D68-24717DB3F510}.Release|Win32.Build.0 = Release|Win32
		{CE90D346-EBC0-D292-6D68-24717DB3F510}.Release|x64.ActiveCfg = Release|x64
		{CE90D346-EBC0-D292-6D68-24717DB3F510}.Release|x64.Build.0 = Release|x64
		{436AF1C2-99E7-32FA-5BFA-641F1FF2C57D}.Debug|Win32.ActiveCfg = Debug|Win32
		{436AF1C2-99E7-32FA-5BFA-641F1FF2C57D}.Debug|Win32.Build.0 = Debug|Win32
		{436AF1C2-99E7-32FA-5BFA-641F1FF2C57D}.Debug|x64.ActiveCfg = Debug|x64
		{436AF1C2-99E7-32FA-5BFA-641F1FF2C57D}.Debug|x64.Build.0 = Debug|x64
		{436AF1C2-99E7-32FA-5BFA-641F1FF2C57D}.Release|Win32.ActiveCfg = Release|Win32
		{436AF1C2-99E7-32FA-5BFA-641F1FF2C57D}.Release|Win32.Build.0 = Release|Win32
		{436AF1C2-99E7-32FA-5BFA-641F1FF2C57D}.Release|x64.ActiveCfg = Release|x64
		{436AF1C2-99E7-32FA-5BFA-641F1FF2C57D}.Release|x64.Build.0 = Release|x64
		{C49B1EF8-D169-70C5-2FA4-837A900267A7}.Debug|Win32.ActiveCfg = Debug|Win32
		{C49B1EF8-D169-70C5-2FA4-837A900267A7}.Debug|Win32.Build.0 = Debug|Win32
		{C49B1EF8-D169-70C5-2FA4-837A900267A7}.Debug|x64.ActiveCfg = Debug|x64
		{C49B1EF8-D169-70C5-2FA4-837A900267A7}.Debug|x64.Build.0 = Debug|x64
		{C49B1EF8-D169-70C5-2FA4-837A900267A7}.Release|Win32.ActiveCfg = Release|Win32
		{C49B1EF8-D169-70C5-2FA4-837A900267A7}.Release|Win32.Build.0 = Release|Win32
		{C49B1EF8-D169-70C5-2FA4-837A900267A7}.Release|x64.ActiveCfg = Release|x64
		{C49B1EF8-D169-70C5-2FA4-837A900267A7}.Release|x64.Build.0 = Release|x64
		{870B39B9-8F38-D9A4-8A07-87047C565061}.Debug|Win32.ActiveCfg = Debug|Win32
		{870B39B9-8F38-D9A4-8A07-87047C565061}.Debug|Win32.Build.0 = Debug|Win32
		{870B39B9-8F38-D9A4-8A07-87047C565061}.Debug|x64.ActiveCfg = Debug|x64
		{870B39B9-8F38-D9A4-8A07-87047C565061}.Debug|x64.Build.0 = Debug|x64
		{870B39B9-8F38-D9A4-8A07-87047C565061}.Release|Win32.ActiveCfg = Release|Win32
		{870B39B9-8F38-D9A4-8A07-87047C565061}.Release|Win32.Build.0 = Release|Win32
		{870B39B9-8F38-D9A4-8A07-87047C565061}.Release|x64.ActiveCfg = Release|x64
		{870B39B9-8F38-D9A4-8A07-87047C565061}.Release|x64.Build.0 = Release|x64
		{D8295912-D341-F4E4-DC8E-98A2A0604221}.Debug|Win32.ActiveCfg = Debug|Win32
		{D8295912-D341-F4E4-DC8E-98A2A0604221}.Debug|Win32.Build.0 = Debug|Win32
		{D8295912-D341-F4E4-DC8E-98A2A0604221}.Debug|x64.ActiveCfg = Debug|x64
		{D8295912-D341-F4E4-DC8E-98A2A0604221}.Debug|x64.Build.0 = Debug|x64
		{D8295912-D341-F4E4-DC8E-98A2A0604221}.Release|Win32.ActiveCfg = Release|Win32
		{D8295912-D341-F4E4-DC8E-98A2A0604221}.Release|Win32.Build.0 = Release|Win32
		{D8295912-D341-F4E4-DC8E-98A2A0604221}.Release|x64.ActiveCfg = Release|x64
		{D8295912-D341-F4E4-DC8E-98A2A0604221}.Release|x64.Build.0 = Release|x64
		{68EFA4E3-08B0-2925-0EF6-177996B08B24}.Debug|Win32.ActiveCfg = Debug|Win32
		{68EFA4E3-08B0-2925-0EF6-177996B08B24}.Debug|Win32.Build.0 = Debug|Win32
		{68EFA4E3-08B0-2925-0EF6-177996B08B24}.Debug|x64.ActiveCfg = Debug|x64
		{68EFA4E3-08B0-2925-0EF6-177996B08B24}.Debug|x64.Build.0 = Debug|x64
		{68EFA4E3-08B0-2925-0EF6-177996B08B24}.Release|Win32.ActiveCfg = Release|Win32
		{68EFA4E3-08B0-2925-0EF6-177996B08B24}.Release|Win32.Build.0 = Release|Win32
		{68EFA4E3-08B0-2925-0EF6-177996B08B24}.Release|x64.ActiveCfg = Release|x64
		{68EFA4E3-08B0-2925-0EF6-177996B08B24}.Release|x64.Build.0 = Release|x64
		{2E5B8634-26AC-5819-5AF7-16F996A7F529}.Debug|Win32.ActiveCfg = Debug|Win32
		{2E5B8634-26AC-5819-5AF7-16F996A7F529}.Debug|Win32.Build.0 = Debug|Win32
		{2E5B8634-26AC-5819-5AF7-16F996A7F529}.Debug|x64.ActiveCfg = Debug|x64
		{2E5B8634-26AC-5819-5AF7-16F996A7F529}.Debug|x64.Build.0 = Debug|x64
		{2E5B8634-26AC-5819-5AF7-16F996A7F529}.Release|Win32.ActiveCfg = Release|Win32
		{2E5B8634-26AC-5819-5AF7-16F996A7F529}.Release|Win32.Build.0 = Release|Win32
		{2E5B8634-26AC-5819-5AF7-16F996A7F529}.Release|x64.ActiveCfg = Release|x64
		{2E5B8634-26AC-5819-5AF7-16F996A7F529}.Release|x64.Build.0 = Release|x64
		{D93D1FF0-5E83-2247-31A0-017D20F8011F}.Debug|Win32.ActiveCfg = Debug|Win32
		{D93D1FF0-5E83-2247-31A0-017D20F8011F}.Debug|Win32.Build.0 = Debug|Win32
		{D93D1FF0-5E83-2247-31A0-017D20F8011F}.Debug|x64.ActiveCfg = Debug|x64
		{D93D1FF0-5E83-2247-31A0-017D20F8011F}.Debug|x64.Build.0 = Debug|x64
		{D93D1FF0-5E83-2247-31A0-017D20F8011F}.Release|Win32.ActiveCfg = Release|Win32
		{D93D1FF0-5E83-2247-31A0-017D20F8011F}.Release|Win32.Build.0 = Release|Win32
		{D93D1FF0-5E83-2247-31A0-017D20F8011F}.Release|x64.ActiveCfg = Release|x64
		{D93D1FF0-5E83-2247-31A0-017D20F8011F}.Release|x64.Build.0 = Release|x64
		{C5DF2F0C-3EFC-E5D6-7FD2-AD599CADDB15}.Debug|Win32.ActiveCfg = Debug|Win32
		{C5DF2F0C-3EFC-E5D6-7FD2-AD599CADDB15}.Debug|Win32.Build.0 = Debug|Win32
		{C5DF2F0C-3EFC-E5D6-7FD2-AD599CADDB15}.Debug|x64.ActiveCfg = Debug|x64
		{C5DF2F0C-3EFC-E5D6-7FD2-AD599CADDB15}.Debug|x64.Build.0 = Debug|x64
		{C5DF2F0C-3EFC-E5D6-7FD2-AD599CADDB15}.Release|Win32.ActiveCfg = Release|Win32
		{C5DF2F0C-3EFC-E5D6-7FD2-AD599CADDB15}.Release|Win32.Build.0 = Release|Win32
		{C5DF2F0C-3EFC-E5D6-7FD2-AD599CADDB15}.Release|x64.ActiveCfg = Release|x64
		{C5DF2F0C-3EFC-E5D6-7FD2-AD599CADDB15}.Release|x64.Build.0 = Release|x64
		{173A0BC9-FF81-3C36-7887-4FBD6032C9FD}.Debug|Win32.ActiveCfg = Debug|Win32
		{173A0BC9-FF81-3C36-7887-4FBD6032C9FD}.Debug|Win32.Build.0 = Debug|Win32
		{173A0BC9-FF81-3C36-7887-4FBD6032C9FD}.Debug|x64.ActiveCfg = Debug|x64
		{173A0BC9-FF81-3C36-7887-4FBD6032C9FD}.Debug|x64.Build.0 = Debug|x64
		{173A0BC9-FF81-3C36-7887-4FBD6032C9FD}.Release|Win32.ActiveCfg = Release|Win32
		{173A0BC9-FF81-3C36-7887-4FBD6032C9FD}.Release|Win32.Build.0 = Release|Win32
		{173A0BC9-FF81-3C36-7887-4FBD6032C9FD}.Release|x64.ActiveCfg = Release|x64
		{173A0BC9-FF81-3C36-7887-4FBD6032C9FD}.Release|x64.Build.0 = Release|x64
		{58A8E53D-21CB-5F27-5111-737EBD3F37A0}.Debug|Win32.ActiveCfg = Debug|Win32
		{58A8E53D-21CB-5F27-5111-737EBD3F37A0}.Debug|Win32.Build.0 = Debug|Win32
		{58A8E53D-21CB-5F27-5111-737EBD3F37A0}.Debug|x64.ActiveCfg = Debug|x64
		{58A8E53D-21CB-5F27-5111-737EBD3F37A0}.Debug|x64.Build.0 = Debug|x64
		{58A8E53D-21CB-5F27-5111-737EBD3F37A0}.Release|Win32.ActiveCfg = Release|Win32
		{58A8E53D-21CB-5F27-5111-737EBD3F37A0}.Release|Win32.Build.0 = Release|Win32
		{58A8E53D-21CB-5F27-5111-737EBD3F37A0}.Release|x64.ActiveCfg = Release|x64
		{58A8E53D-21CB-5F27-5111-737EBD3F37A0}.Release|x64.Build.0 = Release|x64
		{4DD758B5-6FC5-66C0-1D26-22C74C88FEF3}.Debug|Win32.ActiveCfg = Debug|Win32
		{4DD758B5-6FC5-66C0-1D26-22C74C88FEF3}.Debug|Win32.Build.0 = Debug|Win32
		{4DD758B5-6FC5-66C0-1D26-22C74C88FEF3}.Debug|x64.ActiveCfg = Debug|x64
		{4DD758B5-6FC5-66C0-1D26-22C74C88FEF3}.Debug|x64.Build.0 = Debug|x64
		{4DD758B5-6FC5-66C0-1D26-22C74C88FEF3}.Release|Win32.ActiveCfg = Release|Win32
		{4DD758B5-6FC5-66C0-1D26-22C74C88FEF3}.Release|Win32.Build.0 = Release|Win32
		{4DD758B5-6FC5-66C0-1D26-22C74C88FEF3}.Release|x64.ActiveCfg = Release|x64
		{4DD758B5-6FC5-66C0-1D26-22C74C88FEF3}.Release|x64.Build.0 = Release|x64
		{0FC4D326-CF64-AB19-B037-3E3D06EA6798}.Debug|Win32.ActiveCfg = Debug|Win32
		{0FC4D326-CF64-AB19-B037-3E3D06EA6798}.Debug|Win32.Build.0 = Debug|Win32
		{0FC4D326-CF64-AB19-B037-3E3D06EA6798}.Debug|x64.ActiveCfg = Debug|x64
		{0FC4D326-CF64-AB19-B037-3E3D06EA6798}.Debug|x64.Build.0 = Debug|x64
		{0FC4D326-CF64-AB19-B037-3E3D06EA6798}.Release|Win32.ActiveCfg = Release|Win32
		{0FC4D326-CF64-AB19-B037-3E3D06EA6798}.Release|Win32.Build.0 = Release|Win32
		{0FC4D326-CF64-AB19-B037-3E3D06EA6798}.Release|x64.ActiveCfg = Release|x64
		{0FC4D326-CF64-AB19-B037-3E3D06EA6798}.Release|x64.Build.0 = Release|x64
		{ACFFE3C9-3628-9B99-E0C9-36CF95F86B5F}.Debug|Win32.ActiveCfg = Debug|Win32
		{ACFFE3C9-3628-9B99-E0C9-36CF95F86B5F}.Debug|Win32.Build.0 = Debug|Win32
		{ACFFE3C9-3628-9B99-E0C9-36CF95F86B5F}.Debug|x64.ActiveCfg = Debug|x64
		{ACFFE3C9-3628-9B99-E0C9-36CF95F86B5F}.Debug|x64.Build.0 = Debug|x64
		{ACFFE3C9-3628-9B99-E0C9-36CF95F86B5F}.Release|Win32.ActiveCfg = Release|Win32
		{ACFFE3C9-3628-9B99-E0C9-36CF95F86B5F}.Release|Win32.Build.0 = Release|Win32
		{ACFFE3C9-3628-9B99-E0C9-36CF95F86B5F}.Release|x64.ActiveCfg = Release|x64
		{ACFFE3C9-3628-9B99-E0C9-36CF95F86B5F}.Release|x64.Build.0 = Release|x64
		{9D625831-AF31-CFBA-8855-61C024DA2DE0}.Debug|Win32.ActiveCfg = Debug|Win32
		{9D625831-AF31-CFBA-8855-61C024DA2DE0}.Debug|Win32.Build.0 = Debug|Win32
		{9D625831-AF31-CFBA-8855-61C024DA2DE0}.Debug|x64.ActiveCfg = Debug|x64
		{9D625831-AF31-CFBA-8855-61C024DA2DE0}.Debug|x64.Build.0 = Debug|x64
		{9D625831-AF31-CFBA-8855-61C024DA2DE0}.Release|Win32.ActiveCfg = Release|Win32
		{9D625831-AF31-CFBA-8855-61C024DA2DE0}.Release|Win32.Build.0 = Release|Win32
		{9D625831-AF31-CFBA-8855-61C024DA2DE0}.Release|x64.ActiveCfg = Release|x64
		{9D625831-AF31-CFBA-8855-61C024DA2DE0}.Release|x64.Build.0 = Release|x64
		{E3172E20-4935-69C7-A398-C13EAA76818F}.Debug|Win32.ActiveCfg = Debug|Win32
		{E3172E20-4935-69C7-A398-C13EAA76818F}.Debug|Win32.Build.0 = Debug|Win32
		{E3172E20-4935-69C7-A398-C13EAA76818F}.Debug|x64.ActiveCfg = Debug|x64
		{E3172E20-4935-69C7-A398-C13EAA76818F}.Debug|x64.Build.0 = Debug|x64
		{E3172E20-4935-69C7-A398-C13EAA76818F}.Release|Win32.ActiveCfg = Release|Win32
		{E3172E20-4935-69C7-A398-C13EAA76818F}.Release|Win32.Build.0 = Release|Win32
		{E3172E20-4935-69C7-A398-C13EAA76818F}.Release|x64.ActiveCfg = Release|x64
		{E3172E20-4935-69C7-A398-C13EAA76818F}.Release|x64.Build.0 = Release|x64
		{10F967D6-468F-3BCA-2D58-36A32E376930}.Debug|Win32.ActiveCfg = Debug|Win32
		{10F967D6-468F-3BCA-2D58-36A32E376930}.Debug|Win32.Build.0 = Debug|Win32
		{10F967D6-468F-3BCA-2D58-36A32E376930}.Debug|x64.ActiveCfg = Debug|x64
		{10F967D6-468F-3BCA-2D58-36A32E376930}.Debug|x64.Build.0 = Debug|x64
		{10F967D6-468F-3BCA-2D58-36A32E376930}.Release|Win32.ActiveCfg = Release|Win32
		{10F967D6-468F-3BCA-2D58-36A32E376930}.Release|Win32.Build.0 = Release|Win32
		{10F967D6-468F-3BCA-2D58-36A32E376930}.Release|x64.ActiveCfg = Release|x64
		{10F967D6-468F-3BCA-2D58-36A32E376930}.Release|x64.Build.0 = Release|x64
		{5ABF68F6-5360-DE1F-74B6-66ED5BF52619}.Debug|Win32.ActiveCfg = Debug|Win32
		{5ABF68F6-5360-DE1F-74B6-66ED5BF52619}.Debug|Win32.Build.0 = Debug|Win32
		{5ABF68F6-5360-DE1F-74B6-66ED5BF52619}.Debug|x64.ActiveCfg = Debug|x64
		{5ABF68F6-5360-DE1F-74B6-66ED5BF52619}.Debug|x64.Build.0 = Debug|x64
		{5ABF68F6-5360-DE1F-74B6-66ED5BF52619}.Release|Win32.ActiveCfg = Release|Win32
		{5ABF68F6-5360-DE1F-74B6-66ED5BF52619}.Release|Win32.Build.0 = Release|Win32
		{5ABF68F6-5360-DE1F-74B6-66ED5BF52619}.Release|x64.ActiveCfg = Release|x64
		{5ABF68F6-5360-DE1F-74B6-66ED5BF52619}.Release|x64.Build.0 = Release|x64
	EndGlobalSection
	GlobalSection(SolutionProperties) = preSolution
		HideSolutionNode = FALSE
	EndGlobalSection
EndGlobal
